<Solution>
  <Configurations>
    <Platform Name="x64" />
    <Platform Name="x86" />
  </Configurations>
    <Project Path="Sandbox/Sandbox.vcxproj" Id="81d76c83-a885-49ba-936a-51171eb54ca1">
    <Build Solution="*|x86" Project="false" />
  </Project>
  <Project Path="FlatWhite3D.vcxproj" Id="11d3278f-fc98-41fa-86fd-ac37121aec40">
    <Build Solution="*|x86" Project="false" />
  </Project>
</Solution>
