<?xml version="1.0" encoding="utf-8"?>
<Project ToolsVersion="4.0" xmlns="http://schemas.microsoft.com/developer/msbuild/2003">
  <ItemGroup>
    <Filter Include="FlatWhite3D">
      <UniqueIdentifier>{445D846B-B012-FD60-3907-F737A5BBF364}</UniqueIdentifier>
    </Filter>
  </ItemGroup>
  <ItemGroup>
    <ClInclude Include="src\FlatWhite.h" />
    <ClInclude Include="src\FlatWhite3D\Application.h">
      <Filter>FlatWhite3D</Filter>
    </ClInclude>
    <ClInclude Include="src\FlatWhite3D\Core.h">
      <Filter>FlatWhite3D</Filter>
    </ClInclude>
    <ClInclude Include="src\FlatWhite3D\EntryPoint.h">
      <Filter>FlatWhite3D</Filter>
    </ClInclude>
    <ClInclude Include="src\FlatWhite3D\Log.h">
      <Filter>FlatWhite3D</Filter>
    </ClInclude>
    <ClInclude Include="src\FlatWhite3D\Events\ApplicationEvent.h" />
    <ClInclude Include="src\FlatWhite3D\Events\Event.h" />
    <ClInclude Include="src\FlatWhite3D\Events\KeyEvent.h" />
    <ClInclude Include="src\FlatWhite3D\Events\MouseEvent.h" />
  </ItemGroup>
  <ItemGroup>
    <ClCompile Include="src\FlatWhite3D\Application.cpp">
      <Filter>FlatWhite3D</Filter>
    </ClCompile>
    <ClCompile Include="src\FlatWhite3D\Log.cpp">
      <Filter>FlatWhite3D</Filter>
    </ClCompile>
  </ItemGroup>
</Project>